
Microsoft Visual Studio Solution File, Format Version 12.00
# Visual Studio Version 17
VisualStudioVersion = 17.5.33516.290
MinimumVisualStudioVersion = 10.0.40219.1
Project("{8BC9CEB8-8B4A-11D0-8D11-00A0C91BC942}") = "Pointers", "Pointers.vcxproj", "{945BB97C-2CE5-40DC-8D71-B52D43D97375}"
EndProject
Global
	GlobalSection(SolutionConfigurationPlatforms) = preSolution
		Debug|x64 = Debug|x64
		Debug|x86 = Debug|x86
		Release|x64 = Release|x64
		Release|x86 = Release|x86
	EndGlobalSection
	GlobalSection(ProjectConfigurationPlatforms) = postSolution
		{945BB97C-2CE5-40DC-8D71-B52D43D97375}.Debug|x64.ActiveCfg = Debug|x64
		{945BB97C-2CE5-40DC-8D71-B52D43D97375}.Debug|x64.Build.0 = Debug|x64
		{945BB97C-2CE5-40DC-8D71-B52D43D97375}.Debug|x86.ActiveCfg = Debug|Win32
		{945BB97C-2CE5-40DC-8D71-B52D43D97375}.Debug|x86.Build.0 = Debug|Win32
		{945BB97C-2CE5-40DC-8D71-B52D43D97375}.Release|x64.ActiveCfg = Release|x64
		{945BB97C-2CE5-40DC-8D71-B52D43D97375}.Release|x64.Build.0 = Release|x64
		{945BB97C-2CE5-40DC-8D71-B52D43D97375}.Release|x86.ActiveCfg = Release|Win32
		{945BB97C-2CE5-40DC-8D71-B52D43D97375}.Release|x86.Build.0 = Release|Win32
	EndGlobalSection
	GlobalSection(SolutionProperties) = preSolution
		HideSolutionNode = FALSE
	EndGlobalSection
	GlobalSection(ExtensibilityGlobals) = postSolution
		SolutionGuid = {7E424D54-5FB6-4216-B7F8-B625479C7D26}
	EndGlobalSection
EndGlobal
